
Microsoft Visual Studio Solution File, Format Version 12.00
# Visual Studio Version 16
VisualStudioVersion = 25.0.1706.9
MinimumVisualStudioVersion = 10.0.40219.1
Project("{FAE04EC0-301F-11D3-BF4B-00C04F79EFBC}") = "ex2_Calcule", "ex2_Calcule\ex2_Calcule.csproj", "{5996C153-EA40-4986-A058-7603FE1C74AB}"
EndProject
Global
	GlobalSection(SolutionConfigurationPlatforms) = preSolution
		Debug|Any CPU = Debug|Any CPU
		Release|Any CPU = Release|Any CPU
	EndGlobalSection
	GlobalSection(ProjectConfigurationPlatforms) = postSolution
		{5996C153-EA40-4986-A058-7603FE1C74AB}.Debug|Any CPU.ActiveCfg = Debug|Any CPU
		{5996C153-EA40-4986-A058-7603FE1C74AB}.Debug|Any CPU.Build.0 = Debug|Any CPU
		{5996C153-EA40-4986-A058-7603FE1C74AB}.Release|Any CPU.ActiveCfg = Release|Any CPU
		{5996C153-EA40-4986-A058-7603FE1C74AB}.Release|Any CPU.Build.0 = Release|Any CPU
	EndGlobalSection
	GlobalSection(SolutionProperties) = preSolution
		HideSolutionNode = FALSE
	EndGlobalSection
	GlobalSection(ExtensibilityGlobals) = postSolution
		SolutionGuid = {96E3DB8F-A405-4027-962B-703E1DB3BBD3}
	EndGlobalSection
EndGlobal
