
Microsoft Visual Studio Solution File, Format Version 12.00
# Visual Studio Version 16
VisualStudioVersion = 25.0.1706.9
MinimumVisualStudioVersion = 10.0.40219.1
Project("{FAE04EC0-301F-11D3-BF4B-00C04F79EFBC}") = "Fibonaci", "Fibonaci\Fibonaci.csproj", "{5C09217D-01A3-4057-9880-A73F7D86190F}"
EndProject
Global
	GlobalSection(SolutionConfigurationPlatforms) = preSolution
		Debug|Any CPU = Debug|Any CPU
		Release|Any CPU = Release|Any CPU
	EndGlobalSection
	GlobalSection(ProjectConfigurationPlatforms) = postSolution
		{5C09217D-01A3-4057-9880-A73F7D86190F}.Debug|Any CPU.ActiveCfg = Debug|Any CPU
		{5C09217D-01A3-4057-9880-A73F7D86190F}.Debug|Any CPU.Build.0 = Debug|Any CPU
		{5C09217D-01A3-4057-9880-A73F7D86190F}.Release|Any CPU.ActiveCfg = Release|Any CPU
		{5C09217D-01A3-4057-9880-A73F7D86190F}.Release|Any CPU.Build.0 = Release|Any CPU
	EndGlobalSection
	GlobalSection(SolutionProperties) = preSolution
		HideSolutionNode = FALSE
	EndGlobalSection
	GlobalSection(ExtensibilityGlobals) = postSolution
		SolutionGuid = {648DFC20-0804-459E-8651-F19F6008CBE9}
	EndGlobalSection
EndGlobal
