
Microsoft Visual Studio Solution File, Format Version 12.00
# Visual Studio Version 17
VisualStudioVersion = 17.9.34714.143
MinimumVisualStudioVersion = 10.0.40219.1
Project("{FAE04EC0-301F-11D3-BF4B-00C04F79EFBC}") = "Lucrarea_4", "Lucrarea_4\Lucrarea_4.csproj", "{1FBFF28A-12A1-48C1-940A-749817FD4E83}"
EndProject
Project("{FAE04EC0-301F-11D3-BF4B-00C04F79EFBC}") = "client_forms", "client_forms\client_forms.csproj", "{F6B8A42B-167D-4C88-975E-56F2ADD32B00}"
	ProjectSection(ProjectDependencies) = postProject
		{1FBFF28A-12A1-48C1-940A-749817FD4E83} = {1FBFF28A-12A1-48C1-940A-749817FD4E83}
	EndProjectSection
EndProject
Global
	GlobalSection(SolutionConfigurationPlatforms) = preSolution
		Debug|Any CPU = Debug|Any CPU
		Release|Any CPU = Release|Any CPU
	EndGlobalSection
	GlobalSection(ProjectConfigurationPlatforms) = postSolution
		{1FBFF28A-12A1-48C1-940A-749817FD4E83}.Debug|Any CPU.ActiveCfg = Debug|Any CPU
		{1FBFF28A-12A1-48C1-940A-749817FD4E83}.Debug|Any CPU.Build.0 = Debug|Any CPU
		{1FBFF28A-12A1-48C1-940A-749817FD4E83}.Release|Any CPU.ActiveCfg = Release|Any CPU
		{1FBFF28A-12A1-48C1-940A-749817FD4E83}.Release|Any CPU.Build.0 = Release|Any CPU
		{F6B8A42B-167D-4C88-975E-56F2ADD32B00}.Debug|Any CPU.ActiveCfg = Debug|Any CPU
		{F6B8A42B-167D-4C88-975E-56F2ADD32B00}.Debug|Any CPU.Build.0 = Debug|Any CPU
		{F6B8A42B-167D-4C88-975E-56F2ADD32B00}.Release|Any CPU.ActiveCfg = Release|Any CPU
		{F6B8A42B-167D-4C88-975E-56F2ADD32B00}.Release|Any CPU.Build.0 = Release|Any CPU
	EndGlobalSection
	GlobalSection(SolutionProperties) = preSolution
		HideSolutionNode = FALSE
	EndGlobalSection
	GlobalSection(ExtensibilityGlobals) = postSolution
		SolutionGuid = {DBAA2F35-5CBE-4C00-865A-C07CBDA2F084}
	EndGlobalSection
EndGlobal
